
Microsoft Visual Studio Solution File, Format Version 12.00
# Visual Studio Version 17
VisualStudioVersion = 17.8.34322.80
MinimumVisualStudioVersion = 10.0.40219.1
Project("{2150E333-8FDC-42A3-9474-1A3956D46DE8}") = "lib", "lib", "{93378508-7F26-460A-A3BB-818D8363C6A6}"
EndProject
Project("{2150E333-8FDC-42A3-9474-1A3956D46DE8}") = "src", "src", "{0BC9B827-9D70-4E72-8C29-41FDB905BCEC}"
EndProject
Project("{9A19103F-16F7-4668-BE54-9A1E7A4F7556}") = "Elite.IIoT.Core", "_Libraries\Elite.IIoT.Core\Elite.IIoT.Core.csproj", "{51D53C00-EF57-43FA-9E60-3F5C1DAED110}"
EndProject
Project("{9A19103F-16F7-4668-BE54-9A1E7A4F7556}") = "Elite.IIoT.Platform", "_Libraries\Elite.IIoT.Platform\Elite.IIoT.Platform.csproj", "{7F157692-B67A-42B0-8EC2-335BF14A3B9B}"
EndProject
Project("{9A19103F-16F7-4668-BE54-9A1E7A4F7556}") = "Elite.MQTT.Broker", "03.Services\Elite.MQTT.Broker\Elite.MQTT.Broker.csproj", "{40CDA8AC-A406-4DC3-A894-1D790A26FA67}"
EndProject
Project("{9A19103F-16F7-4668-BE54-9A1E7A4F7556}") = "Elite.File.Parser", "04.Tools\Elite.File.Parser\Elite.File.Parser.csproj", "{D2870631-0622-4CAC-A86B-E0840DFCC3D3}"
EndProject
Project("{9A19103F-16F7-4668-BE54-9A1E7A4F7556}") = "Elite.Email.Sender", "04.Tools\Elite.Email.Sender\Elite.Email.Sender.csproj", "{B5F413B8-703C-47EA-BDDE-A7B63340997D}"
EndProject
Project("{9A19103F-16F7-4668-BE54-9A1E7A4F7556}") = "Elite.GraphQL.Server", "03.Services\Elite.GraphQL.Server\Elite.GraphQL.Server.csproj", "{3E697D39-3BC5-4530-BBA1-4ABD440706C8}"
EndProject
Project("{9A19103F-16F7-4668-BE54-9A1E7A4F7556}") = "Elite.Queue.Channel", "03.Services\Elite.Queue.Channel\Elite.Queue.Channel.csproj", "{59247169-A029-495D-A59F-C4CEE516EEB9}"
EndProject
Project("{2150E333-8FDC-42A3-9474-1A3956D46DE8}") = "03.Services", "03.Services", "{69D2D7CB-4CF8-4647-8977-FC82473CF181}"
EndProject
Project("{2150E333-8FDC-42A3-9474-1A3956D46DE8}") = "02.Databases", "02.Databases", "{67291B1D-E737-4707-82C6-2BE7B4AEA1E2}"
EndProject
Project("{9A19103F-16F7-4668-BE54-9A1E7A4F7556}") = "DB.SQLite", "02.Databases\DB.SQLite\DB.SQLite\DB.SQLite.csproj", "{96AAC927-B6FC-4FAE-8604-862F9B0E1ED1}"
EndProject
Project("{9A19103F-16F7-4668-BE54-9A1E7A4F7556}") = "Elite.MongoDB", "02.Databases\Elite.Store.MongoDB\Elite.MongoDB.csproj", "{285B73AA-EFC4-4044-A22F-42A4A12F3F38}"
EndProject
Project("{9A19103F-16F7-4668-BE54-9A1E7A4F7556}") = "DB.PostgreSQL", "02.Databases\Elite.Store.PostgreSQL\DB.PostgreSQL\DB.PostgreSQL.csproj", "{31F99838-164A-470D-A484-85B9D6C1A8A0}"
EndProject
Project("{9A19103F-16F7-4668-BE54-9A1E7A4F7556}") = "Elite.SQLite", "02.Databases\Elite.Store.SQLite\Elite.SQLite\Elite.SQLite.csproj", "{CCC9C38C-08AD-4498-B215-BC2F10F348A0}"
EndProject
Project("{9A19103F-16F7-4668-BE54-9A1E7A4F7556}") = "YyToDoBlazor", "02.Databases\YyFlight.ToDoList-main\YyToDoBlazor\YyToDoBlazor.csproj", "{9F1C251D-FBB6-4A6B-A270-79AB8518406A}"
EndProject
Project("{2150E333-8FDC-42A3-9474-1A3956D46DE8}") = "04.Tools", "04.Tools", "{293C57D0-A2D0-4F2B-B8F0-7DB15395FD20}"
EndProject
Global
	GlobalSection(SolutionConfigurationPlatforms) = preSolution
		Debug|Any CPU = Debug|Any CPU
		Release|Any CPU = Release|Any CPU
	EndGlobalSection
	GlobalSection(ProjectConfigurationPlatforms) = postSolution
		{51D53C00-EF57-43FA-9E60-3F5C1DAED110}.Debug|Any CPU.ActiveCfg = Debug|Any CPU
		{51D53C00-EF57-43FA-9E60-3F5C1DAED110}.Debug|Any CPU.Build.0 = Debug|Any CPU
		{51D53C00-EF57-43FA-9E60-3F5C1DAED110}.Release|Any CPU.ActiveCfg = Release|Any CPU
		{51D53C00-EF57-43FA-9E60-3F5C1DAED110}.Release|Any CPU.Build.0 = Release|Any CPU
		{7F157692-B67A-42B0-8EC2-335BF14A3B9B}.Debug|Any CPU.ActiveCfg = Debug|Any CPU
		{7F157692-B67A-42B0-8EC2-335BF14A3B9B}.Debug|Any CPU.Build.0 = Debug|Any CPU
		{7F157692-B67A-42B0-8EC2-335BF14A3B9B}.Release|Any CPU.ActiveCfg = Release|Any CPU
		{7F157692-B67A-42B0-8EC2-335BF14A3B9B}.Release|Any CPU.Build.0 = Release|Any CPU
		{40CDA8AC-A406-4DC3-A894-1D790A26FA67}.Debug|Any CPU.ActiveCfg = Debug|Any CPU
		{40CDA8AC-A406-4DC3-A894-1D790A26FA67}.Debug|Any CPU.Build.0 = Debug|Any CPU
		{40CDA8AC-A406-4DC3-A894-1D790A26FA67}.Release|Any CPU.ActiveCfg = Release|Any CPU
		{40CDA8AC-A406-4DC3-A894-1D790A26FA67}.Release|Any CPU.Build.0 = Release|Any CPU
		{D2870631-0622-4CAC-A86B-E0840DFCC3D3}.Debug|Any CPU.ActiveCfg = Debug|Any CPU
		{D2870631-0622-4CAC-A86B-E0840DFCC3D3}.Debug|Any CPU.Build.0 = Debug|Any CPU
		{D2870631-0622-4CAC-A86B-E0840DFCC3D3}.Release|Any CPU.ActiveCfg = Release|Any CPU
		{D2870631-0622-4CAC-A86B-E0840DFCC3D3}.Release|Any CPU.Build.0 = Release|Any CPU
		{B5F413B8-703C-47EA-BDDE-A7B63340997D}.Debug|Any CPU.ActiveCfg = Debug|Any CPU
		{B5F413B8-703C-47EA-BDDE-A7B63340997D}.Debug|Any CPU.Build.0 = Debug|Any CPU
		{B5F413B8-703C-47EA-BDDE-A7B63340997D}.Release|Any CPU.ActiveCfg = Release|Any CPU
		{B5F413B8-703C-47EA-BDDE-A7B63340997D}.Release|Any CPU.Build.0 = Release|Any CPU
		{3E697D39-3BC5-4530-BBA1-4ABD440706C8}.Debug|Any CPU.ActiveCfg = Debug|Any CPU
		{3E697D39-3BC5-4530-BBA1-4ABD440706C8}.Debug|Any CPU.Build.0 = Debug|Any CPU
		{3E697D39-3BC5-4530-BBA1-4ABD440706C8}.Release|Any CPU.ActiveCfg = Release|Any CPU
		{3E697D39-3BC5-4530-BBA1-4ABD440706C8}.Release|Any CPU.Build.0 = Release|Any CPU
		{59247169-A029-495D-A59F-C4CEE516EEB9}.Debug|Any CPU.ActiveCfg = Debug|Any CPU
		{59247169-A029-495D-A59F-C4CEE516EEB9}.Debug|Any CPU.Build.0 = Debug|Any CPU
		{59247169-A029-495D-A59F-C4CEE516EEB9}.Release|Any CPU.ActiveCfg = Release|Any CPU
		{59247169-A029-495D-A59F-C4CEE516EEB9}.Release|Any CPU.Build.0 = Release|Any CPU
		{96AAC927-B6FC-4FAE-8604-862F9B0E1ED1}.Debug|Any CPU.ActiveCfg = Debug|Any CPU
		{96AAC927-B6FC-4FAE-8604-862F9B0E1ED1}.Debug|Any CPU.Build.0 = Debug|Any CPU
		{96AAC927-B6FC-4FAE-8604-862F9B0E1ED1}.Release|Any CPU.ActiveCfg = Release|Any CPU
		{96AAC927-B6FC-4FAE-8604-862F9B0E1ED1}.Release|Any CPU.Build.0 = Release|Any CPU
		{285B73AA-EFC4-4044-A22F-42A4A12F3F38}.Debug|Any CPU.ActiveCfg = Debug|Any CPU
		{285B73AA-EFC4-4044-A22F-42A4A12F3F38}.Debug|Any CPU.Build.0 = Debug|Any CPU
		{285B73AA-EFC4-4044-A22F-42A4A12F3F38}.Release|Any CPU.ActiveCfg = Release|Any CPU
		{285B73AA-EFC4-4044-A22F-42A4A12F3F38}.Release|Any CPU.Build.0 = Release|Any CPU
		{31F99838-164A-470D-A484-85B9D6C1A8A0}.Debug|Any CPU.ActiveCfg = Debug|Any CPU
		{31F99838-164A-470D-A484-85B9D6C1A8A0}.Debug|Any CPU.Build.0 = Debug|Any CPU
		{31F99838-164A-470D-A484-85B9D6C1A8A0}.Release|Any CPU.ActiveCfg = Release|Any CPU
		{31F99838-164A-470D-A484-85B9D6C1A8A0}.Release|Any CPU.Build.0 = Release|Any CPU
		{CCC9C38C-08AD-4498-B215-BC2F10F348A0}.Debug|Any CPU.ActiveCfg = Debug|Any CPU
		{CCC9C38C-08AD-4498-B215-BC2F10F348A0}.Debug|Any CPU.Build.0 = Debug|Any CPU
		{CCC9C38C-08AD-4498-B215-BC2F10F348A0}.Release|Any CPU.ActiveCfg = Release|Any CPU
		{CCC9C38C-08AD-4498-B215-BC2F10F348A0}.Release|Any CPU.Build.0 = Release|Any CPU
		{9F1C251D-FBB6-4A6B-A270-79AB8518406A}.Debug|Any CPU.ActiveCfg = Debug|Any CPU
		{9F1C251D-FBB6-4A6B-A270-79AB8518406A}.Debug|Any CPU.Build.0 = Debug|Any CPU
		{9F1C251D-FBB6-4A6B-A270-79AB8518406A}.Release|Any CPU.ActiveCfg = Release|Any CPU
		{9F1C251D-FBB6-4A6B-A270-79AB8518406A}.Release|Any CPU.Build.0 = Release|Any CPU
	EndGlobalSection
	GlobalSection(SolutionProperties) = preSolution
		HideSolutionNode = FALSE
	EndGlobalSection
	GlobalSection(NestedProjects) = preSolution
		{51D53C00-EF57-43FA-9E60-3F5C1DAED110} = {93378508-7F26-460A-A3BB-818D8363C6A6}
		{7F157692-B67A-42B0-8EC2-335BF14A3B9B} = {93378508-7F26-460A-A3BB-818D8363C6A6}
		{40CDA8AC-A406-4DC3-A894-1D790A26FA67} = {69D2D7CB-4CF8-4647-8977-FC82473CF181}
		{D2870631-0622-4CAC-A86B-E0840DFCC3D3} = {293C57D0-A2D0-4F2B-B8F0-7DB15395FD20}
		{B5F413B8-703C-47EA-BDDE-A7B63340997D} = {293C57D0-A2D0-4F2B-B8F0-7DB15395FD20}
		{3E697D39-3BC5-4530-BBA1-4ABD440706C8} = {69D2D7CB-4CF8-4647-8977-FC82473CF181}
		{59247169-A029-495D-A59F-C4CEE516EEB9} = {69D2D7CB-4CF8-4647-8977-FC82473CF181}
		{69D2D7CB-4CF8-4647-8977-FC82473CF181} = {0BC9B827-9D70-4E72-8C29-41FDB905BCEC}
		{67291B1D-E737-4707-82C6-2BE7B4AEA1E2} = {0BC9B827-9D70-4E72-8C29-41FDB905BCEC}
		{96AAC927-B6FC-4FAE-8604-862F9B0E1ED1} = {67291B1D-E737-4707-82C6-2BE7B4AEA1E2}
		{285B73AA-EFC4-4044-A22F-42A4A12F3F38} = {67291B1D-E737-4707-82C6-2BE7B4AEA1E2}
		{31F99838-164A-470D-A484-85B9D6C1A8A0} = {67291B1D-E737-4707-82C6-2BE7B4AEA1E2}
		{CCC9C38C-08AD-4498-B215-BC2F10F348A0} = {67291B1D-E737-4707-82C6-2BE7B4AEA1E2}
		{9F1C251D-FBB6-4A6B-A270-79AB8518406A} = {67291B1D-E737-4707-82C6-2BE7B4AEA1E2}
		{293C57D0-A2D0-4F2B-B8F0-7DB15395FD20} = {0BC9B827-9D70-4E72-8C29-41FDB905BCEC}
	EndGlobalSection
	GlobalSection(ExtensibilityGlobals) = postSolution
		SolutionGuid = {C3669B68-D18B-40A6-8CAE-49BCA401D8D4}
	EndGlobalSection
EndGlobal
