
Microsoft Visual Studio Solution File, Format Version 12.00
# Visual Studio Version 17
VisualStudioVersion = 17.0.31717.71
MinimumVisualStudioVersion = 10.0.40219.1
Project("{9A19103F-16F7-4668-BE54-9A1E7A4F7556}") = "Service.MediatR_Balzor", "Service.MediatR_Balzor.csproj", "{7DE57C49-68B0-4631-A0B1-C0E2B0E4ECB9}"
EndProject
Global
	GlobalSection(SolutionConfigurationPlatforms) = preSolution
		Debug|Any CPU = Debug|Any CPU
		Release|Any CPU = Release|Any CPU
	EndGlobalSection
	GlobalSection(ProjectConfigurationPlatforms) = postSolution
		{7DE57C49-68B0-4631-A0B1-C0E2B0E4ECB9}.Debug|Any CPU.ActiveCfg = Debug|Any CPU
		{7DE57C49-68B0-4631-A0B1-C0E2B0E4ECB9}.Debug|Any CPU.Build.0 = Debug|Any CPU
		{7DE57C49-68B0-4631-A0B1-C0E2B0E4ECB9}.Release|Any CPU.ActiveCfg = Release|Any CPU
		{7DE57C49-68B0-4631-A0B1-C0E2B0E4ECB9}.Release|Any CPU.Build.0 = Release|Any CPU
	EndGlobalSection
	GlobalSection(SolutionProperties) = preSolution
		HideSolutionNode = FALSE
	EndGlobalSection
	GlobalSection(ExtensibilityGlobals) = postSolution
		SolutionGuid = {5BAEB0E6-68B9-4F2A-8930-D1E7E9036F1A}
	EndGlobalSection
EndGlobal