
Microsoft Visual Studio Solution File, Format Version 12.00
# Visual Studio Version 17
VisualStudioVersion = 17.7.34031.279
MinimumVisualStudioVersion = 10.0.40219.1
Project("{FAE04EC0-301F-11D3-BF4B-00C04F79EFBC}") = "Protocol.WebAPI.Client", "Protocol.WebAPI.Client\Protocol.WebAPI.Client.csproj", "{24903AE7-9030-4C2E-A0DC-4D3A285A9039}"
EndProject
Global
	GlobalSection(SolutionConfigurationPlatforms) = preSolution
		Debug|Any CPU = Debug|Any CPU
		Release|Any CPU = Release|Any CPU
	EndGlobalSection
	GlobalSection(ProjectConfigurationPlatforms) = postSolution
		{24903AE7-9030-4C2E-A0DC-4D3A285A9039}.Debug|Any CPU.ActiveCfg = Debug|Any CPU
		{24903AE7-9030-4C2E-A0DC-4D3A285A9039}.Debug|Any CPU.Build.0 = Debug|Any CPU
		{24903AE7-9030-4C2E-A0DC-4D3A285A9039}.Release|Any CPU.ActiveCfg = Release|Any CPU
		{24903AE7-9030-4C2E-A0DC-4D3A285A9039}.Release|Any CPU.Build.0 = Release|Any CPU
	EndGlobalSection
	GlobalSection(SolutionProperties) = preSolution
		HideSolutionNode = FALSE
	EndGlobalSection
	GlobalSection(ExtensibilityGlobals) = postSolution
		SolutionGuid = {EE177FD8-F5C1-4E95-A968-70823D03079E}
	EndGlobalSection
EndGlobal
